
Microsoft Visual Studio Solution File, Format Version 12.00
# Visual Studio Version 17
VisualStudioVersion = 17.1.32210.238
MinimumVisualStudioVersion = 10.0.40219.1
Project("{2150E333-8FDC-42A3-9474-1A3956D46DE8}") = "src", "src", "{3685E052-3D1B-4CAA-84C5-8C81045ABA78}"
EndProject
Project("{2150E333-8FDC-42A3-9474-1A3956D46DE8}") = "tests", "tests", "{352EFD41-131C-40EA-B0D7-8EB3420B1C82}"
EndProject
Project("{2150E333-8FDC-42A3-9474-1A3956D46DE8}") = "Services", "Services", "{6E512222-6EB3-4F2D-9A8D-9A53EC07A665}"
EndProject
Project("{2150E333-8FDC-42A3-9474-1A3956D46DE8}") = "Catalog", "Catalog", "{084B0649-B8E9-48B7-9C82-B60EBA45EB3C}"
EndProject
Project("{9A19103F-16F7-4668-BE54-9A1E7A4F7556}") = "Catalog.API", "Services\Catalog\Catalog.API\Catalog.API.csproj", "{13228FAB-22B8-4CB0-9057-3504A34831BE}"
EndProject
Project("{2150E333-8FDC-42A3-9474-1A3956D46DE8}") = "General", "General", "{A7EEC16C-0131-4BD7-9ACF-AFBE89374864}"
EndProject
Project("{9A19103F-16F7-4668-BE54-9A1E7A4F7556}") = "Catalog.Application", "Services\Catalog\Catalog.Application\Catalog.Application.csproj", "{D50B16BC-80DE-4420-A867-3583C952984A}"
EndProject
Project("{9A19103F-16F7-4668-BE54-9A1E7A4F7556}") = "Catalog.Domain", "Services\Catalog\Catalog.Domain\Catalog.Domain.csproj", "{D7FCCC36-7213-49AD-A706-C50268D492D0}"
EndProject
Project("{FAE04EC0-301F-11D3-BF4B-00C04F79EFBC}") = "Catalog.Infrastructure", "Services\Catalog\Catalog.Infrastructure\Catalog.Infrastructure.csproj", "{D886FC48-F8C0-4877-A2B4-BA1AC71C5A8B}"
EndProject
Project("{FAE04EC0-301F-11D3-BF4B-00C04F79EFBC}") = "Training.Microservices.Common", "Common\Training.Microservices.Common\Training.Microservices.Common.csproj", "{0A5151B2-2430-43A3-AF17-80089E4FD122}"
EndProject
Global
	GlobalSection(SolutionConfigurationPlatforms) = preSolution
		Debug|Any CPU = Debug|Any CPU
		Release|Any CPU = Release|Any CPU
	EndGlobalSection
	GlobalSection(ProjectConfigurationPlatforms) = postSolution
		{13228FAB-22B8-4CB0-9057-3504A34831BE}.Debug|Any CPU.ActiveCfg = Debug|Any CPU
		{13228FAB-22B8-4CB0-9057-3504A34831BE}.Debug|Any CPU.Build.0 = Debug|Any CPU
		{13228FAB-22B8-4CB0-9057-3504A34831BE}.Release|Any CPU.ActiveCfg = Release|Any CPU
		{13228FAB-22B8-4CB0-9057-3504A34831BE}.Release|Any CPU.Build.0 = Release|Any CPU
		{D50B16BC-80DE-4420-A867-3583C952984A}.Debug|Any CPU.ActiveCfg = Debug|Any CPU
		{D50B16BC-80DE-4420-A867-3583C952984A}.Debug|Any CPU.Build.0 = Debug|Any CPU
		{D50B16BC-80DE-4420-A867-3583C952984A}.Release|Any CPU.ActiveCfg = Release|Any CPU
		{D50B16BC-80DE-4420-A867-3583C952984A}.Release|Any CPU.Build.0 = Release|Any CPU
		{D7FCCC36-7213-49AD-A706-C50268D492D0}.Debug|Any CPU.ActiveCfg = Debug|Any CPU
		{D7FCCC36-7213-49AD-A706-C50268D492D0}.Debug|Any CPU.Build.0 = Debug|Any CPU
		{D7FCCC36-7213-49AD-A706-C50268D492D0}.Release|Any CPU.ActiveCfg = Release|Any CPU
		{D7FCCC36-7213-49AD-A706-C50268D492D0}.Release|Any CPU.Build.0 = Release|Any CPU
		{D886FC48-F8C0-4877-A2B4-BA1AC71C5A8B}.Debug|Any CPU.ActiveCfg = Debug|Any CPU
		{D886FC48-F8C0-4877-A2B4-BA1AC71C5A8B}.Debug|Any CPU.Build.0 = Debug|Any CPU
		{D886FC48-F8C0-4877-A2B4-BA1AC71C5A8B}.Release|Any CPU.ActiveCfg = Release|Any CPU
		{D886FC48-F8C0-4877-A2B4-BA1AC71C5A8B}.Release|Any CPU.Build.0 = Release|Any CPU
		{0A5151B2-2430-43A3-AF17-80089E4FD122}.Debug|Any CPU.ActiveCfg = Debug|Any CPU
		{0A5151B2-2430-43A3-AF17-80089E4FD122}.Debug|Any CPU.Build.0 = Debug|Any CPU
		{0A5151B2-2430-43A3-AF17-80089E4FD122}.Release|Any CPU.ActiveCfg = Release|Any CPU
		{0A5151B2-2430-43A3-AF17-80089E4FD122}.Release|Any CPU.Build.0 = Release|Any CPU
	EndGlobalSection
	GlobalSection(SolutionProperties) = preSolution
		HideSolutionNode = FALSE
	EndGlobalSection
	GlobalSection(NestedProjects) = preSolution
		{6E512222-6EB3-4F2D-9A8D-9A53EC07A665} = {3685E052-3D1B-4CAA-84C5-8C81045ABA78}
		{084B0649-B8E9-48B7-9C82-B60EBA45EB3C} = {6E512222-6EB3-4F2D-9A8D-9A53EC07A665}
		{13228FAB-22B8-4CB0-9057-3504A34831BE} = {084B0649-B8E9-48B7-9C82-B60EBA45EB3C}
		{A7EEC16C-0131-4BD7-9ACF-AFBE89374864} = {3685E052-3D1B-4CAA-84C5-8C81045ABA78}
		{D50B16BC-80DE-4420-A867-3583C952984A} = {084B0649-B8E9-48B7-9C82-B60EBA45EB3C}
		{D7FCCC36-7213-49AD-A706-C50268D492D0} = {084B0649-B8E9-48B7-9C82-B60EBA45EB3C}
		{D886FC48-F8C0-4877-A2B4-BA1AC71C5A8B} = {084B0649-B8E9-48B7-9C82-B60EBA45EB3C}
		{0A5151B2-2430-43A3-AF17-80089E4FD122} = {A7EEC16C-0131-4BD7-9ACF-AFBE89374864}
	EndGlobalSection
	GlobalSection(ExtensibilityGlobals) = postSolution
		SolutionGuid = {88531413-4BA0-47C2-A87C-EAE8806BDD4C}
	EndGlobalSection
EndGlobal
