
Microsoft Visual Studio Solution File, Format Version 12.00
# Visual Studio Version 17
VisualStudioVersion = 17.1.32210.238
MinimumVisualStudioVersion = 10.0.40219.1
Project("{2150E333-8FDC-42A3-9474-1A3956D46DE8}") = "src", "src", "{3685E052-3D1B-4CAA-84C5-8C81045ABA78}"
EndProject
Project("{2150E333-8FDC-42A3-9474-1A3956D46DE8}") = "tests", "tests", "{352EFD41-131C-40EA-B0D7-8EB3420B1C82}"
EndProject
Project("{2150E333-8FDC-42A3-9474-1A3956D46DE8}") = "Services", "Services", "{6E512222-6EB3-4F2D-9A8D-9A53EC07A665}"
EndProject
Project("{2150E333-8FDC-42A3-9474-1A3956D46DE8}") = "Catalog", "Catalog", "{084B0649-B8E9-48B7-9C82-B60EBA45EB3C}"
EndProject
Project("{9A19103F-16F7-4668-BE54-9A1E7A4F7556}") = "Catalog.API", "Services\Catalog\Catalog.API\Catalog.API.csproj", "{13228FAB-22B8-4CB0-9057-3504A34831BE}"
EndProject
Project("{2150E333-8FDC-42A3-9474-1A3956D46DE8}") = "Common", "Common", "{A7EEC16C-0131-4BD7-9ACF-AFBE89374864}"
EndProject
Project("{9A19103F-16F7-4668-BE54-9A1E7A4F7556}") = "Catalog.Application", "Services\Catalog\Catalog.Application\Catalog.Application.csproj", "{D50B16BC-80DE-4420-A867-3583C952984A}"
EndProject
Project("{9A19103F-16F7-4668-BE54-9A1E7A4F7556}") = "Catalog.Domain", "Services\Catalog\Catalog.Domain\Catalog.Domain.csproj", "{D7FCCC36-7213-49AD-A706-C50268D492D0}"
EndProject
Project("{9A19103F-16F7-4668-BE54-9A1E7A4F7556}") = "Catalog.Infrastructure", "Services\Catalog\Catalog.Infrastructure\Catalog.Infrastructure.csproj", "{D886FC48-F8C0-4877-A2B4-BA1AC71C5A8B}"
EndProject
Project("{9A19103F-16F7-4668-BE54-9A1E7A4F7556}") = "Training.Microservices.Common", "Common\Training.Microservices.Common\Training.Microservices.Common.csproj", "{3DF33B17-3804-4945-9EA9-DD48907FCD65}"
EndProject
Project("{9A19103F-16F7-4668-BE54-9A1E7A4F7556}") = "Catalog.UnitTests", "..\tests\Catalog.UnitTests\Catalog.UnitTests.csproj", "{1C974C97-00A3-40D6-B478-D0FFF4BAE7BC}"
EndProject
Project("{E53339B2-1760-4266-BCC7-CA923CBCF16C}") = "docker-compose", "docker-compose.dcproj", "{F7A00B95-2006-444A-B29E-D3B97A483796}"
EndProject
Project("{2150E333-8FDC-42A3-9474-1A3956D46DE8}") = "Basket", "Basket", "{AA1A8668-0625-4934-A50F-085187118A3D}"
EndProject
Project("{9A19103F-16F7-4668-BE54-9A1E7A4F7556}") = "Basket.API", "Services\Basket\Basket.API\Basket.API.csproj", "{CC0D3168-C456-4861-9341-8A4F8953A108}"
EndProject
Project("{9A19103F-16F7-4668-BE54-9A1E7A4F7556}") = "Basket.Application", "Services\Basket\Basket.Application\Basket.Application.csproj", "{7521572D-F743-470F-8596-A17B89AAD2DC}"
EndProject
Project("{9A19103F-16F7-4668-BE54-9A1E7A4F7556}") = "Basket.Domain", "Services\Basket\Basket.Domain\Basket.Domain.csproj", "{A48C89A9-65D9-4262-A077-5A6A0AB537B0}"
EndProject
Project("{9A19103F-16F7-4668-BE54-9A1E7A4F7556}") = "Basket.Infrastructure", "Services\Basket\Basket.Infrastructure\Basket.Infrastructure.csproj", "{B6B26520-286E-4326-A38B-685B18AD732D}"
EndProject
Project("{2150E333-8FDC-42A3-9474-1A3956D46DE8}") = "Solution Items", "Solution Items", "{BCAED0A6-2794-4EB9-A479-E0AC45E9CB50}"
	ProjectSection(SolutionItems) = preProject
		.editorconfig = .editorconfig
	EndProjectSection
EndProject
Project("{2150E333-8FDC-42A3-9474-1A3956D46DE8}") = "Discount", "Discount", "{79DC8CBD-E0B6-483D-94F0-09905D12B814}"
EndProject
Project("{9A19103F-16F7-4668-BE54-9A1E7A4F7556}") = "Discount.API", "Services\Discount\Discount.API\Discount.API.csproj", "{7F7C1F11-C88D-4E9A-9438-3044AAB495ED}"
EndProject
Project("{9A19103F-16F7-4668-BE54-9A1E7A4F7556}") = "Discount.Application", "Services\Discount\Discount.Application\Discount.Application.csproj", "{CEE07FA0-2642-4418-8A16-B008D101D8FC}"
EndProject
Project("{9A19103F-16F7-4668-BE54-9A1E7A4F7556}") = "Discount.Domain", "Services\Discount\Discount.Domain\Discount.Domain.csproj", "{93FEABBB-DE14-46F0-A48C-468CF82C83BA}"
EndProject
Project("{9A19103F-16F7-4668-BE54-9A1E7A4F7556}") = "Discount.Infrastructure", "Services\Discount\Discount.Infrastructure\Discount.Infrastructure.csproj", "{695D6DF8-818E-4066-8201-94769609559F}"
EndProject
Project("{9A19103F-16F7-4668-BE54-9A1E7A4F7556}") = "Discount.Grpc", "Services\Discount\Discount.Grpc\Discount.Grpc.csproj", "{9F63EB7D-E831-49C2-B24D-6D904702811D}"
EndProject
Project("{2150E333-8FDC-42A3-9474-1A3956D46DE8}") = "Ordering", "Ordering", "{AA193526-3D63-4689-8B27-64832FA9A8EC}"
EndProject
Project("{FAE04EC0-301F-11D3-BF4B-00C04F79EFBC}") = "Ordering.API", "Services\Ordering\Ordering.API\Ordering.API.csproj", "{3AA41528-454A-4D05-A192-9F570F013578}"
EndProject
Project("{FAE04EC0-301F-11D3-BF4B-00C04F79EFBC}") = "Ordering.Application", "Services\Ordering\Ordering.Application\Ordering.Application.csproj", "{F9CDF0C5-8890-42BF-8538-F6F066E4B707}"
EndProject
Project("{FAE04EC0-301F-11D3-BF4B-00C04F79EFBC}") = "Ordering.Domain", "Services\Ordering\Ordering.Domain\Ordering.Domain.csproj", "{2F05B767-CACA-47AC-903B-84C72022E880}"
EndProject
Project("{FAE04EC0-301F-11D3-BF4B-00C04F79EFBC}") = "Ordering.Infrastructure", "Services\Ordering\Ordering.Infrastructure\Ordering.Infrastructure.csproj", "{D41E6910-A5BA-4291-8133-ED214D6E7EAB}"
EndProject
Global
	GlobalSection(SolutionConfigurationPlatforms) = preSolution
		Debug|Any CPU = Debug|Any CPU
		Release|Any CPU = Release|Any CPU
	EndGlobalSection
	GlobalSection(ProjectConfigurationPlatforms) = postSolution
		{13228FAB-22B8-4CB0-9057-3504A34831BE}.Debug|Any CPU.ActiveCfg = Debug|Any CPU
		{13228FAB-22B8-4CB0-9057-3504A34831BE}.Debug|Any CPU.Build.0 = Debug|Any CPU
		{13228FAB-22B8-4CB0-9057-3504A34831BE}.Release|Any CPU.ActiveCfg = Release|Any CPU
		{13228FAB-22B8-4CB0-9057-3504A34831BE}.Release|Any CPU.Build.0 = Release|Any CPU
		{D50B16BC-80DE-4420-A867-3583C952984A}.Debug|Any CPU.ActiveCfg = Debug|Any CPU
		{D50B16BC-80DE-4420-A867-3583C952984A}.Debug|Any CPU.Build.0 = Debug|Any CPU
		{D50B16BC-80DE-4420-A867-3583C952984A}.Release|Any CPU.ActiveCfg = Release|Any CPU
		{D50B16BC-80DE-4420-A867-3583C952984A}.Release|Any CPU.Build.0 = Release|Any CPU
		{D7FCCC36-7213-49AD-A706-C50268D492D0}.Debug|Any CPU.ActiveCfg = Debug|Any CPU
		{D7FCCC36-7213-49AD-A706-C50268D492D0}.Debug|Any CPU.Build.0 = Debug|Any CPU
		{D7FCCC36-7213-49AD-A706-C50268D492D0}.Release|Any CPU.ActiveCfg = Release|Any CPU
		{D7FCCC36-7213-49AD-A706-C50268D492D0}.Release|Any CPU.Build.0 = Release|Any CPU
		{D886FC48-F8C0-4877-A2B4-BA1AC71C5A8B}.Debug|Any CPU.ActiveCfg = Debug|Any CPU
		{D886FC48-F8C0-4877-A2B4-BA1AC71C5A8B}.Debug|Any CPU.Build.0 = Debug|Any CPU
		{D886FC48-F8C0-4877-A2B4-BA1AC71C5A8B}.Release|Any CPU.ActiveCfg = Release|Any CPU
		{D886FC48-F8C0-4877-A2B4-BA1AC71C5A8B}.Release|Any CPU.Build.0 = Release|Any CPU
		{3DF33B17-3804-4945-9EA9-DD48907FCD65}.Debug|Any CPU.ActiveCfg = Debug|Any CPU
		{3DF33B17-3804-4945-9EA9-DD48907FCD65}.Debug|Any CPU.Build.0 = Debug|Any CPU
		{3DF33B17-3804-4945-9EA9-DD48907FCD65}.Release|Any CPU.ActiveCfg = Release|Any CPU
		{3DF33B17-3804-4945-9EA9-DD48907FCD65}.Release|Any CPU.Build.0 = Release|Any CPU
		{1C974C97-00A3-40D6-B478-D0FFF4BAE7BC}.Debug|Any CPU.ActiveCfg = Debug|Any CPU
		{1C974C97-00A3-40D6-B478-D0FFF4BAE7BC}.Debug|Any CPU.Build.0 = Debug|Any CPU
		{1C974C97-00A3-40D6-B478-D0FFF4BAE7BC}.Release|Any CPU.ActiveCfg = Release|Any CPU
		{1C974C97-00A3-40D6-B478-D0FFF4BAE7BC}.Release|Any CPU.Build.0 = Release|Any CPU
		{F7A00B95-2006-444A-B29E-D3B97A483796}.Debug|Any CPU.ActiveCfg = Debug|Any CPU
		{F7A00B95-2006-444A-B29E-D3B97A483796}.Debug|Any CPU.Build.0 = Debug|Any CPU
		{F7A00B95-2006-444A-B29E-D3B97A483796}.Release|Any CPU.ActiveCfg = Release|Any CPU
		{F7A00B95-2006-444A-B29E-D3B97A483796}.Release|Any CPU.Build.0 = Release|Any CPU
		{CC0D3168-C456-4861-9341-8A4F8953A108}.Debug|Any CPU.ActiveCfg = Debug|Any CPU
		{CC0D3168-C456-4861-9341-8A4F8953A108}.Debug|Any CPU.Build.0 = Debug|Any CPU
		{CC0D3168-C456-4861-9341-8A4F8953A108}.Release|Any CPU.ActiveCfg = Release|Any CPU
		{CC0D3168-C456-4861-9341-8A4F8953A108}.Release|Any CPU.Build.0 = Release|Any CPU
		{7521572D-F743-470F-8596-A17B89AAD2DC}.Debug|Any CPU.ActiveCfg = Debug|Any CPU
		{7521572D-F743-470F-8596-A17B89AAD2DC}.Debug|Any CPU.Build.0 = Debug|Any CPU
		{7521572D-F743-470F-8596-A17B89AAD2DC}.Release|Any CPU.ActiveCfg = Release|Any CPU
		{7521572D-F743-470F-8596-A17B89AAD2DC}.Release|Any CPU.Build.0 = Release|Any CPU
		{A48C89A9-65D9-4262-A077-5A6A0AB537B0}.Debug|Any CPU.ActiveCfg = Debug|Any CPU
		{A48C89A9-65D9-4262-A077-5A6A0AB537B0}.Debug|Any CPU.Build.0 = Debug|Any CPU
		{A48C89A9-65D9-4262-A077-5A6A0AB537B0}.Release|Any CPU.ActiveCfg = Release|Any CPU
		{A48C89A9-65D9-4262-A077-5A6A0AB537B0}.Release|Any CPU.Build.0 = Release|Any CPU
		{B6B26520-286E-4326-A38B-685B18AD732D}.Debug|Any CPU.ActiveCfg = Debug|Any CPU
		{B6B26520-286E-4326-A38B-685B18AD732D}.Debug|Any CPU.Build.0 = Debug|Any CPU
		{B6B26520-286E-4326-A38B-685B18AD732D}.Release|Any CPU.ActiveCfg = Release|Any CPU
		{B6B26520-286E-4326-A38B-685B18AD732D}.Release|Any CPU.Build.0 = Release|Any CPU
		{7F7C1F11-C88D-4E9A-9438-3044AAB495ED}.Debug|Any CPU.ActiveCfg = Debug|Any CPU
		{7F7C1F11-C88D-4E9A-9438-3044AAB495ED}.Debug|Any CPU.Build.0 = Debug|Any CPU
		{7F7C1F11-C88D-4E9A-9438-3044AAB495ED}.Release|Any CPU.ActiveCfg = Release|Any CPU
		{7F7C1F11-C88D-4E9A-9438-3044AAB495ED}.Release|Any CPU.Build.0 = Release|Any CPU
		{CEE07FA0-2642-4418-8A16-B008D101D8FC}.Debug|Any CPU.ActiveCfg = Debug|Any CPU
		{CEE07FA0-2642-4418-8A16-B008D101D8FC}.Debug|Any CPU.Build.0 = Debug|Any CPU
		{CEE07FA0-2642-4418-8A16-B008D101D8FC}.Release|Any CPU.ActiveCfg = Release|Any CPU
		{CEE07FA0-2642-4418-8A16-B008D101D8FC}.Release|Any CPU.Build.0 = Release|Any CPU
		{93FEABBB-DE14-46F0-A48C-468CF82C83BA}.Debug|Any CPU.ActiveCfg = Debug|Any CPU
		{93FEABBB-DE14-46F0-A48C-468CF82C83BA}.Debug|Any CPU.Build.0 = Debug|Any CPU
		{93FEABBB-DE14-46F0-A48C-468CF82C83BA}.Release|Any CPU.ActiveCfg = Release|Any CPU
		{93FEABBB-DE14-46F0-A48C-468CF82C83BA}.Release|Any CPU.Build.0 = Release|Any CPU
		{695D6DF8-818E-4066-8201-94769609559F}.Debug|Any CPU.ActiveCfg = Debug|Any CPU
		{695D6DF8-818E-4066-8201-94769609559F}.Debug|Any CPU.Build.0 = Debug|Any CPU
		{695D6DF8-818E-4066-8201-94769609559F}.Release|Any CPU.ActiveCfg = Release|Any CPU
		{695D6DF8-818E-4066-8201-94769609559F}.Release|Any CPU.Build.0 = Release|Any CPU
		{9F63EB7D-E831-49C2-B24D-6D904702811D}.Debug|Any CPU.ActiveCfg = Debug|Any CPU
		{9F63EB7D-E831-49C2-B24D-6D904702811D}.Debug|Any CPU.Build.0 = Debug|Any CPU
		{9F63EB7D-E831-49C2-B24D-6D904702811D}.Release|Any CPU.ActiveCfg = Release|Any CPU
		{9F63EB7D-E831-49C2-B24D-6D904702811D}.Release|Any CPU.Build.0 = Release|Any CPU
		{3AA41528-454A-4D05-A192-9F570F013578}.Debug|Any CPU.ActiveCfg = Debug|Any CPU
		{3AA41528-454A-4D05-A192-9F570F013578}.Debug|Any CPU.Build.0 = Debug|Any CPU
		{3AA41528-454A-4D05-A192-9F570F013578}.Release|Any CPU.ActiveCfg = Release|Any CPU
		{3AA41528-454A-4D05-A192-9F570F013578}.Release|Any CPU.Build.0 = Release|Any CPU
		{F9CDF0C5-8890-42BF-8538-F6F066E4B707}.Debug|Any CPU.ActiveCfg = Debug|Any CPU
		{F9CDF0C5-8890-42BF-8538-F6F066E4B707}.Debug|Any CPU.Build.0 = Debug|Any CPU
		{F9CDF0C5-8890-42BF-8538-F6F066E4B707}.Release|Any CPU.ActiveCfg = Release|Any CPU
		{F9CDF0C5-8890-42BF-8538-F6F066E4B707}.Release|Any CPU.Build.0 = Release|Any CPU
		{2F05B767-CACA-47AC-903B-84C72022E880}.Debug|Any CPU.ActiveCfg = Debug|Any CPU
		{2F05B767-CACA-47AC-903B-84C72022E880}.Debug|Any CPU.Build.0 = Debug|Any CPU
		{2F05B767-CACA-47AC-903B-84C72022E880}.Release|Any CPU.ActiveCfg = Release|Any CPU
		{2F05B767-CACA-47AC-903B-84C72022E880}.Release|Any CPU.Build.0 = Release|Any CPU
		{D41E6910-A5BA-4291-8133-ED214D6E7EAB}.Debug|Any CPU.ActiveCfg = Debug|Any CPU
		{D41E6910-A5BA-4291-8133-ED214D6E7EAB}.Debug|Any CPU.Build.0 = Debug|Any CPU
		{D41E6910-A5BA-4291-8133-ED214D6E7EAB}.Release|Any CPU.ActiveCfg = Release|Any CPU
		{D41E6910-A5BA-4291-8133-ED214D6E7EAB}.Release|Any CPU.Build.0 = Release|Any CPU
	EndGlobalSection
	GlobalSection(SolutionProperties) = preSolution
		HideSolutionNode = FALSE
	EndGlobalSection
	GlobalSection(NestedProjects) = preSolution
		{6E512222-6EB3-4F2D-9A8D-9A53EC07A665} = {3685E052-3D1B-4CAA-84C5-8C81045ABA78}
		{084B0649-B8E9-48B7-9C82-B60EBA45EB3C} = {6E512222-6EB3-4F2D-9A8D-9A53EC07A665}
		{13228FAB-22B8-4CB0-9057-3504A34831BE} = {084B0649-B8E9-48B7-9C82-B60EBA45EB3C}
		{A7EEC16C-0131-4BD7-9ACF-AFBE89374864} = {3685E052-3D1B-4CAA-84C5-8C81045ABA78}
		{D50B16BC-80DE-4420-A867-3583C952984A} = {084B0649-B8E9-48B7-9C82-B60EBA45EB3C}
		{D7FCCC36-7213-49AD-A706-C50268D492D0} = {084B0649-B8E9-48B7-9C82-B60EBA45EB3C}
		{D886FC48-F8C0-4877-A2B4-BA1AC71C5A8B} = {084B0649-B8E9-48B7-9C82-B60EBA45EB3C}
		{3DF33B17-3804-4945-9EA9-DD48907FCD65} = {A7EEC16C-0131-4BD7-9ACF-AFBE89374864}
		{1C974C97-00A3-40D6-B478-D0FFF4BAE7BC} = {352EFD41-131C-40EA-B0D7-8EB3420B1C82}
		{AA1A8668-0625-4934-A50F-085187118A3D} = {6E512222-6EB3-4F2D-9A8D-9A53EC07A665}
		{CC0D3168-C456-4861-9341-8A4F8953A108} = {AA1A8668-0625-4934-A50F-085187118A3D}
		{7521572D-F743-470F-8596-A17B89AAD2DC} = {AA1A8668-0625-4934-A50F-085187118A3D}
		{A48C89A9-65D9-4262-A077-5A6A0AB537B0} = {AA1A8668-0625-4934-A50F-085187118A3D}
		{B6B26520-286E-4326-A38B-685B18AD732D} = {AA1A8668-0625-4934-A50F-085187118A3D}
		{79DC8CBD-E0B6-483D-94F0-09905D12B814} = {6E512222-6EB3-4F2D-9A8D-9A53EC07A665}
		{7F7C1F11-C88D-4E9A-9438-3044AAB495ED} = {79DC8CBD-E0B6-483D-94F0-09905D12B814}
		{CEE07FA0-2642-4418-8A16-B008D101D8FC} = {79DC8CBD-E0B6-483D-94F0-09905D12B814}
		{93FEABBB-DE14-46F0-A48C-468CF82C83BA} = {79DC8CBD-E0B6-483D-94F0-09905D12B814}
		{695D6DF8-818E-4066-8201-94769609559F} = {79DC8CBD-E0B6-483D-94F0-09905D12B814}
		{9F63EB7D-E831-49C2-B24D-6D904702811D} = {79DC8CBD-E0B6-483D-94F0-09905D12B814}
		{AA193526-3D63-4689-8B27-64832FA9A8EC} = {6E512222-6EB3-4F2D-9A8D-9A53EC07A665}
		{3AA41528-454A-4D05-A192-9F570F013578} = {AA193526-3D63-4689-8B27-64832FA9A8EC}
		{F9CDF0C5-8890-42BF-8538-F6F066E4B707} = {AA193526-3D63-4689-8B27-64832FA9A8EC}
		{2F05B767-CACA-47AC-903B-84C72022E880} = {AA193526-3D63-4689-8B27-64832FA9A8EC}
		{D41E6910-A5BA-4291-8133-ED214D6E7EAB} = {AA193526-3D63-4689-8B27-64832FA9A8EC}
	EndGlobalSection
	GlobalSection(ExtensibilityGlobals) = postSolution
		SolutionGuid = {88531413-4BA0-47C2-A87C-EAE8806BDD4C}
	EndGlobalSection
EndGlobal
